
Microsoft Visual Studio Solution File, Format Version 12.00
# Visual Studio 15
VisualStudioVersion = 15.0.26403.7
MinimumVisualStudioVersion = 10.0.40219.1
Project("{8BC9CEB8-8B4A-11D0-8D11-00A0C91BC942}") = "Client", "Source\Client\Client.vcxproj", "{BBBDCD41-5000-486E-91EE-0BEF03791426}"
EndProject
Project("{8BC9CEB8-8B4A-11D0-8D11-00A0C91BC942}") = "Server", "Source\Server\Server.vcxproj", "{D5A1F7A3-6C02-462B-ADCF-A724DE913AFA}"
EndProject
Global
	GlobalSection(SolutionConfigurationPlatforms) = preSolution
		Debug|x86 = Debug|x86
		Release|x86 = Release|x86
		Template|x86 = Template|x86
	EndGlobalSection
	GlobalSection(ProjectConfigurationPlatforms) = postSolution
		{BBBDCD41-5000-486E-91EE-0BEF03791426}.Debug|x86.ActiveCfg = Debug|Win32
		{BBBDCD41-5000-486E-91EE-0BEF03791426}.Debug|x86.Build.0 = Debug|Win32
		{BBBDCD41-5000-486E-91EE-0BEF03791426}.Release|x86.ActiveCfg = Release|Win32
		{BBBDCD41-5000-486E-91EE-0BEF03791426}.Release|x86.Build.0 = Release|Win32
		{BBBDCD41-5000-486E-91EE-0BEF03791426}.Template|x86.ActiveCfg = Release|Win32
		{BBBDCD41-5000-486E-91EE-0BEF03791426}.Template|x86.Build.0 = Release|Win32
		{D5A1F7A3-6C02-462B-ADCF-A724DE913AFA}.Debug|x86.ActiveCfg = Debug|Win32
		{D5A1F7A3-6C02-462B-ADCF-A724DE913AFA}.Debug|x86.Build.0 = Debug|Win32
		{D5A1F7A3-6C02-462B-ADCF-A724DE913AFA}.Release|x86.ActiveCfg = Release|Win32
		{D5A1F7A3-6C02-462B-ADCF-A724DE913AFA}.Release|x86.Build.0 = Release|Win32
		{D5A1F7A3-6C02-462B-ADCF-A724DE913AFA}.Template|x86.ActiveCfg = Template|Win32
		{D5A1F7A3-6C02-462B-ADCF-A724DE913AFA}.Template|x86.Build.0 = Template|Win32
	EndGlobalSection
	GlobalSection(SolutionProperties) = preSolution
		HideSolutionNode = FALSE
	EndGlobalSection
EndGlobal
